
Microsoft Visual Studio Solution File, Format Version 12.00
# Visual Studio Version 17
VisualStudioVersion = 17.11.35431.28
MinimumVisualStudioVersion = 10.0.40219.1
Project("{8BC9CEB8-8B4A-11D0-8D11-00A0C91BC942}") = "Bank System", "Bank System.vcxproj", "{FBB97603-3A48-4602-AAF4-3317DFDC833D}"
EndProject
Global
	GlobalSection(SolutionConfigurationPlatforms) = preSolution
		Debug|x64 = Debug|x64
		Debug|x86 = Debug|x86
		Release|x64 = Release|x64
		Release|x86 = Release|x86
	EndGlobalSection
	GlobalSection(ProjectConfigurationPlatforms) = postSolution
		{FBB97603-3A48-4602-AAF4-3317DFDC833D}.Debug|x64.ActiveCfg = Debug|x64
		{FBB97603-3A48-4602-AAF4-3317DFDC833D}.Debug|x64.Build.0 = Debug|x64
		{FBB97603-3A48-4602-AAF4-3317DFDC833D}.Debug|x86.ActiveCfg = Debug|Win32
		{FBB97603-3A48-4602-AAF4-3317DFDC833D}.Debug|x86.Build.0 = Debug|Win32
		{FBB97603-3A48-4602-AAF4-3317DFDC833D}.Release|x64.ActiveCfg = Release|x64
		{FBB97603-3A48-4602-AAF4-3317DFDC833D}.Release|x64.Build.0 = Release|x64
		{FBB97603-3A48-4602-AAF4-3317DFDC833D}.Release|x86.ActiveCfg = Release|Win32
		{FBB97603-3A48-4602-AAF4-3317DFDC833D}.Release|x86.Build.0 = Release|Win32
	EndGlobalSection
	GlobalSection(SolutionProperties) = preSolution
		HideSolutionNode = FALSE
	EndGlobalSection
	GlobalSection(ExtensibilityGlobals) = postSolution
		SolutionGuid = {8BC60569-1D84-471E-ACE7-0E182EF0621F}
	EndGlobalSection
EndGlobal
